{
  "name": "app",
  "version": "0.1.0",
  "lockfileVersion": 1,
  "requires": true,
  "dependencies": {
    "@babel/helper-plugin-utils": {
      "version": "7.16.7",
      "resolved": "https://registry.npmjs.org/@babel/helper-plugin-utils/-/helper-plugin-utils-7.16.7.tgz",
      "integrity": "sha512-Qg3Nk7ZxpgMrsox6HreY1ZNKdBq7K72tDSliA6dCl5f007jR4ne8iD5UzuNnCJH2xBf2BEEVGr+/OL6Gdp7RxA=="
    },
    "@babel/helper-validator-identifier": {
      "version": "7.16.7",
      "resolved": "https://registry.npmjs.org/@babel/helper-validator-identifier/-/helper-validator-identifier-7.16.7.tgz",
      "integrity": "sha512-hsEnFemeiW4D08A5gUAZxLBTXpZ39P+a+DGDsHw1yxqyQ/jzFEnxf5uTEGp+3bzAbNOxU1paTgYS4ECU/IgfDw=="
    },
    "@babel/plugin-syntax-jsx": {
      "version": "7.14.5",
      "resolved": "https://registry.npmjs.org/@babel/plugin-syntax-jsx/-/plugin-syntax-jsx-7.14.5.tgz",
      "integrity": "sha512-ohuFIsOMXJnbOMRfX7/w7LocdR6R7whhuRD4ax8IipLcLPlZGJKkBxgHp++U4N/vKyU16/YDQr2f5seajD3jIw==",
      "requires": {
        "@babel/helper-plugin-utils": "^7.14.5"
      }
    },
    "@babel/types": {
      "version": "7.15.0",
      "resolved": "https://registry.npmjs.org/@babel/types/-/types-7.15.0.tgz",
      "integrity": "sha512-OBvfqnllOIdX4ojTHpwZbpvz4j3EWyjkZEdmjH0/cgsd6QOdSgU8rLSk6ard/pcW7rlmjdVSX/AWOaORR1uNOQ==",
      "requires": {
        "@babel/helper-validator-identifier": "^7.14.9",
        "to-fast-properties": "^2.0.0"
      }
    },
    "@next/env": {
      "version": "12.0.8",
      "resolved": "https://registry.npmjs.org/@next/env/-/env-12.0.8.tgz",
      "integrity": "sha512-Wa0gOeioB9PHap9wtZDZEhgOSE3/+qE/UALWjJHuNvH4J3oE+13EjVOiEsr1JcPCXUN8ESQE+phDKlo6qJ8P9g=="
    },
    "@next/react-refresh-utils": {
      "version": "12.0.8",
      "resolved": "https://registry.npmjs.org/@next/react-refresh-utils/-/react-refresh-utils-12.0.8.tgz",
      "integrity": "sha512-Bq4T/aOOFQUkCF9b8k9x+HpjOevu65ZPxsYJOpgEtBuJyvb+sZREtDDLKb/RtjUeLMrWrsGD0aLteyFFtiS8Og=="
    },
    "@next/swc-android-arm64": {
      "version": "12.0.8",
      "resolved": "https://registry.npmjs.org/@next/swc-android-arm64/-/swc-android-arm64-12.0.8.tgz",
      "integrity": "sha512-BiXMcOZNnXSIXv+FQvbRgbMb+iYayLX/Sb2MwR0wja+eMs46BY1x/ssXDwUBADP1M8YtrGTlSPHZqUiCU94+Mg==",
      "optional": true
    },
    "@next/swc-darwin-arm64": {
      "version": "12.0.8",
      "resolved": "https://registry.npmjs.org/@next/swc-darwin-arm64/-/swc-darwin-arm64-12.0.8.tgz",
      "integrity": "sha512-6EGMmvcIwPpwt0/iqLbXDGx6oKHAXzbowyyVXK8cqmIvhoghRFjqfiNGBs+ar6wEBGt68zhwn/77vE3iQWoFJw==",
      "optional": true
    },
    "@next/swc-darwin-x64": {
      "version": "12.0.8",
      "resolved": "https://registry.npmjs.org/@next/swc-darwin-x64/-/swc-darwin-x64-12.0.8.tgz",
      "integrity": "sha512-todxgQOGP/ucz5UH2kKR3XGDdkWmWr0VZAAbzgTbiFm45Ol4ih602k2nNR3xSbza9IqNhxNuUVsMpBgeo19CFQ==",
      "optional": true
    },
    "@next/swc-linux-arm-gnueabihf": {
      "version": "12.0.8",
      "resolved": "https://registry.npmjs.org/@next/swc-linux-arm-gnueabihf/-/swc-linux-arm-gnueabihf-12.0.8.tgz",
      "integrity": "sha512-KULmdrfI+DJxBuhEyV47MQllB/WpC3P2xbwhHezxL/LkC2nkz5SbV4k432qpx2ebjIRf9SjdQ5Oz1FjD8Urayw==",
      "optional": true
    },
    "@next/swc-linux-arm64-gnu": {
      "version": "12.0.8",
      "resolved": "https://registry.npmjs.org/@next/swc-linux-arm64-gnu/-/swc-linux-arm64-gnu-12.0.8.tgz",
      "integrity": "sha512-1XO87wgIVPvt5fx5i8CqdhksRdcpqyzCOLW4KrE0f9pUCIT04EbsFiKdmsH9c73aqjNZMnCMXpbV+cn4hN8x1w==",
      "optional": true
    },
    "@next/swc-linux-arm64-musl": {
      "version": "12.0.8",
      "resolved": "https://registry.npmjs.org/@next/swc-linux-arm64-musl/-/swc-linux-arm64-musl-12.0.8.tgz",
      "integrity": "sha512-NStRZEy/rkk2G18Yhc/Jzi1Q2Dv+zH176oO8479zlDQ5syRfc6AvRHVV4iNRc8Pai58If83r/nOJkwFgGwkKLw==",
      "optional": true
    },
    "@next/swc-linux-x64-gnu": {
      "version": "12.0.8",
      "resolved": "https://registry.npmjs.org/@next/swc-linux-x64-gnu/-/swc-linux-x64-gnu-12.0.8.tgz",
      "integrity": "sha512-rHxTGtTEDFsdT9/VjewzxE19S7W1NE+aZpm4TwbT1pSNGK9KQxQGcXjqoHMeB+VZCFknzNEoIU/vydbjZMlAuw==",
      "optional": true
    },
    "@next/swc-linux-x64-musl": {
      "version": "12.0.8",
      "resolved": "https://registry.npmjs.org/@next/swc-linux-x64-musl/-/swc-linux-x64-musl-12.0.8.tgz",
      "integrity": "sha512-1F4kuFRQE10GSx7LMSvRmjMXFGpxT30g8rZzq9r/p/WKdErA4WB4uxaKEX0P8AINfuN63i4luKdR+LoacgBhYw==",
      "optional": true
    },
    "@next/swc-win32-arm64-msvc": {
      "version": "12.0.8",
      "resolved": "https://registry.npmjs.org/@next/swc-win32-arm64-msvc/-/swc-win32-arm64-msvc-12.0.8.tgz",
      "integrity": "sha512-QuRe49jqCV61TysGopC1P0HPqFAMZMWe1nbIQLyOkDLkULmZR8N2eYZq7fwqvZE5YwhMmJA/grwWFVBqSEh5Kg==",
      "optional": true
    },
    "@next/swc-win32-ia32-msvc": {
      "version": "12.0.8",
      "resolved": "https://registry.npmjs.org/@next/swc-win32-ia32-msvc/-/swc-win32-ia32-msvc-12.0.8.tgz",
      "integrity": "sha512-0RV3/julybJr1IlPCowIWrJJZyAl+sOakJEM15y1NOOsbwTQ5eKZZXSi+7e23TN4wmy5HwNvn2dKzgOEVJ+jbA==",
      "optional": true
    },
    "@next/swc-win32-x64-msvc": {
      "version": "12.0.8",
      "resolved": "https://registry.npmjs.org/@next/swc-win32-x64-msvc/-/swc-win32-x64-msvc-12.0.8.tgz",
      "integrity": "sha512-tTga6OFfO2JS+Yt5hdryng259c/tzNgSWkdiU2E+RBHiysAIOta57n4PJ8iPahOSqEqjaToPI76wM+o441GaNQ==",
      "optional": true
    },
    "@types/node": {
      "version": "17.0.10",
      "resolved": "https://registry.npmjs.org/@types/node/-/node-17.0.10.tgz",
      "integrity": "sha512-S/3xB4KzyFxYGCppyDt68yzBU9ysL88lSdIah4D6cptdcltc4NCPCAMc0+PCpg/lLIyC7IPvj2Z52OJWeIUkog=="
    },
    "big.js": {
      "version": "5.2.2",
      "resolved": "https://registry.npmjs.org/big.js/-/big.js-5.2.2.tgz",
      "integrity": "sha512-vyL2OymJxmarO8gxMr0mhChsO9QGwhynfuu4+MHTAW6czfq9humCB7rKpUjDd9YUiDPU4mzpyupFSvOClAwbmQ=="
    },
    "caniuse-lite": {
      "version": "1.0.30001301",
      "resolved": "https://registry.npmjs.org/caniuse-lite/-/caniuse-lite-1.0.30001301.tgz",
      "integrity": "sha512-csfD/GpHMqgEL3V3uIgosvh+SVIQvCh43SNu9HRbP1lnxkKm1kjDG4f32PP571JplkLjfS+mg2p1gxR7MYrrIA=="
    },
    "convert-source-map": {
      "version": "1.7.0",
      "resolved": "https://registry.npmjs.org/convert-source-map/-/convert-source-map-1.7.0.tgz",
      "integrity": "sha512-4FJkXzKXEDB1snCFZlLP4gpC3JILicCpGbzG9f9G7tGqGCzETQ2hWPrcinA9oU4wtf2biUaEH5065UnMeR33oA==",
      "requires": {
        "safe-buffer": "~5.1.1"
      },
      "dependencies": {
        "safe-buffer": {
          "version": "5.1.2",
          "resolved": "https://registry.npmjs.org/safe-buffer/-/safe-buffer-5.1.2.tgz",
          "integrity": "sha512-Gd2UZBJDkXlY7GbJxfsE8/nvKkUEU1G38c1siN6QP6a9PT9MmHB8GnpscSmMJSoF8LOIrt8ud/wPtojys4G6+g=="
        }
      }
    },
    "emojis-list": {
      "version": "2.1.0",
      "resolved": "https://registry.npmjs.org/emojis-list/-/emojis-list-2.1.0.tgz",
      "integrity": "sha1-TapNnbAPmBmIDHn6RXrlsJof04k="
    },
    "has-flag": {
      "version": "4.0.0",
      "resolved": "https://registry.npmjs.org/has-flag/-/has-flag-4.0.0.tgz",
      "integrity": "sha512-EykJT/Q1KjTWctppgIAgfSO0tKVuZUjhgMr17kqTumMl6Afv3EISleU7qZUzoXDFTAHTDC4NOoG/ZxU3EvlMPQ=="
    },
    "inherits": {
      "version": "2.0.4",
      "resolved": "https://registry.npmjs.org/inherits/-/inherits-2.0.4.tgz",
      "integrity": "sha512-k/vGaX4/Yla3WzyMCvTQOXYeIHvqOKtnqBduzTHpzpQZzAskKMhZ2K+EnBiSM9zGSoIFeMpXKxa4dYeZIQqewQ=="
    },
    "jest-worker": {
      "version": "27.0.0-next.5",
      "resolved": "https://registry.npmjs.org/jest-worker/-/jest-worker-27.0.0-next.5.tgz",
      "integrity": "sha512-mk0umAQ5lT+CaOJ+Qp01N6kz48sJG2kr2n1rX0koqKf6FIygQV0qLOdN9SCYID4IVeSigDOcPeGLozdMLYfb5g==",
      "requires": {
        "@types/node": "*",
        "merge-stream": "^2.0.0",
        "supports-color": "^8.0.0"
      }
    },
    "js-tokens": {
      "version": "4.0.0",
      "resolved": "https://registry.npmjs.org/js-tokens/-/js-tokens-4.0.0.tgz",
      "integrity": "sha512-RdJUflcE3cUzKiMqQgsCu06FPu9UdIJO0beYbPhHN4k6apgJtifcoCtT9bcxOpYBtpD2kCM6Sbzg4CausW/PKQ=="
    },
    "json5": {
      "version": "1.0.1",
      "resolved": "https://registry.npmjs.org/json5/-/json5-1.0.1.tgz",
      "integrity": "sha512-aKS4WQjPenRxiQsC93MNfjx+nbF4PAdYzmd/1JIj8HYzqfbu86beTuNgXDzPknWk0n0uARlyewZo4s++ES36Ow==",
      "requires": {
        "minimist": "^1.2.0"
      }
    },
    "loader-utils": {
      "version": "1.2.3",
      "resolved": "https://registry.npmjs.org/loader-utils/-/loader-utils-1.2.3.tgz",
      "integrity": "sha512-fkpz8ejdnEMG3s37wGL07iSBDg99O9D5yflE9RGNH3hRdx9SOwYfnGYdZOUIZitN8E+E2vkq3MUMYMvPYl5ZZA==",
      "requires": {
        "big.js": "^5.2.2",
        "emojis-list": "^2.0.0",
        "json5": "^1.0.1"
      }
    },
    "loose-envify": {
      "version": "1.4.0",
      "resolved": "https://registry.npmjs.org/loose-envify/-/loose-envify-1.4.0.tgz",
      "integrity": "sha512-lyuxPGr/Wfhrlem2CL/UcnUc1zcqKAImBDzukY7Y5F/yQiNdko6+fRLevlw1HgMySw7f611UIY408EtxRSoK3Q==",
      "requires": {
        "js-tokens": "^3.0.0 || ^4.0.0"
      }
    },
    "merge-stream": {
      "version": "2.0.0",
      "resolved": "https://registry.npmjs.org/merge-stream/-/merge-stream-2.0.0.tgz",
      "integrity": "sha512-abv/qOcuPfk3URPfDzmZU1LKmuw8kT+0nIHvKrKgFrwifol/doWcdA4ZqsWQ8ENrFKkd67Mfpo/LovbIUsbt3w=="
    },
    "minimist": {
      "version": "1.2.5",
      "resolved": "https://registry.npmjs.org/minimist/-/minimist-1.2.5.tgz",
      "integrity": "sha512-FM9nNUYrRBAELZQT3xeZQ7fmMOBg6nWNmJKTcgsJeaLstP/UODVpGsr5OhXhhXg6f+qtJ8uiZ+PUxkDWcgIXLw=="
    },
    "nanoid": {
      "version": "3.1.32",
      "resolved": "https://registry.npmjs.org/nanoid/-/nanoid-3.1.32.tgz",
      "integrity": "sha512-F8mf7R3iT9bvThBoW4tGXhXFHCctyCiUUPrWF8WaTqa3h96d9QybkSeba43XVOOE3oiLfkVDe4bT8MeGmkrTxw=="
    },
    "next": {
      "version": "12.0.8",
      "resolved": "https://registry.npmjs.org/next/-/next-12.0.8.tgz",
      "integrity": "sha512-g5c1Kuh1F8tSXJn2rVvzYBzqe9EXaR6+rY3/KrQ7y0D9FueRLfHI35wM0DRadDcPSc3+vncspfhYH3jnYE/KjA==",
      "requires": {
        "@next/env": "12.0.8",
        "@next/react-refresh-utils": "12.0.8",
        "@next/swc-android-arm64": "12.0.8",
        "@next/swc-darwin-arm64": "12.0.8",
        "@next/swc-darwin-x64": "12.0.8",
        "@next/swc-linux-arm-gnueabihf": "12.0.8",
        "@next/swc-linux-arm64-gnu": "12.0.8",
        "@next/swc-linux-arm64-musl": "12.0.8",
        "@next/swc-linux-x64-gnu": "12.0.8",
        "@next/swc-linux-x64-musl": "12.0.8",
        "@next/swc-win32-arm64-msvc": "12.0.8",
        "@next/swc-win32-ia32-msvc": "12.0.8",
        "@next/swc-win32-x64-msvc": "12.0.8",
        "caniuse-lite": "^1.0.30001283",
        "jest-worker": "27.0.0-next.5",
        "node-fetch": "2.6.1",
        "postcss": "8.2.15",
        "react-is": "17.0.2",
        "react-refresh": "0.8.3",
        "stream-browserify": "3.0.0",
        "styled-jsx": "5.0.0-beta.6",
        "use-subscription": "1.5.1"
      },
      "dependencies": {
        "colorette": {
          "version": "1.4.0",
          "resolved": "https://registry.npmjs.org/colorette/-/colorette-1.4.0.tgz",
          "integrity": "sha512-Y2oEozpomLn7Q3HFP7dpww7AtMJplbM9lGZP6RDfHqmbeRjiwRg4n6VM6j4KLmRke85uWEI7JqF17f3pqdRA0g=="
        },
        "postcss": {
          "version": "8.2.15",
          "resolved": "https://registry.npmjs.org/postcss/-/postcss-8.2.15.tgz",
          "integrity": "sha512-2zO3b26eJD/8rb106Qu2o7Qgg52ND5HPjcyQiK2B98O388h43A448LCslC0dI2P97wCAQRJsFvwTRcXxTKds+Q==",
          "requires": {
            "colorette": "^1.2.2",
            "nanoid": "^3.1.23",
            "source-map": "^0.6.1"
          }
        }
      }
    },
    "node-fetch": {
      "version": "2.6.1",
      "resolved": "https://registry.npmjs.org/node-fetch/-/node-fetch-2.6.1.tgz",
      "integrity": "sha512-V4aYg89jEoVRxRb2fJdAg8FHvI7cEyYdVAh94HH0UIK8oJxUfkjlDQN9RbMx+bEjP7+ggMiFRprSti032Oipxw=="
    },
    "object-assign": {
      "version": "4.1.1",
      "resolved": "https://registry.npmjs.org/object-assign/-/object-assign-4.1.1.tgz",
      "integrity": "sha1-IQmtx5ZYh8/AXLvUQsrIv7s2CGM="
    },
    "react": {
      "version": "17.0.2",
      "resolved": "https://registry.npmjs.org/react/-/react-17.0.2.tgz",
      "integrity": "sha512-gnhPt75i/dq/z3/6q/0asP78D0u592D5L1pd7M8P+dck6Fu/jJeL6iVVK23fptSUZj8Vjf++7wXA8UNclGQcbA==",
      "requires": {
        "loose-envify": "^1.1.0",
        "object-assign": "^4.1.1"
      }
    },
    "react-dom": {
      "version": "17.0.2",
      "resolved": "https://registry.npmjs.org/react-dom/-/react-dom-17.0.2.tgz",
      "integrity": "sha512-s4h96KtLDUQlsENhMn1ar8t2bEa+q/YAtj8pPPdIjPDGBDIVNsrD9aXNWqspUe6AzKCIG0C1HZZLqLV7qpOBGA==",
      "requires": {
        "loose-envify": "^1.1.0",
        "object-assign": "^4.1.1",
        "scheduler": "^0.20.2"
      }
    },
    "react-is": {
      "version": "17.0.2",
      "resolved": "https://registry.npmjs.org/react-is/-/react-is-17.0.2.tgz",
      "integrity": "sha512-w2GsyukL62IJnlaff/nRegPQR94C/XXamvMWmSHRJ4y7Ts/4ocGRmTHvOs8PSE6pB3dWOrD/nueuU5sduBsQ4w=="
    },
    "react-refresh": {
      "version": "0.8.3",
      "resolved": "https://registry.npmjs.org/react-refresh/-/react-refresh-0.8.3.tgz",
      "integrity": "sha512-X8jZHc7nCMjaCqoU+V2I0cOhNW+QMBwSUkeXnTi8IPe6zaRWfn60ZzvFDZqWPfmSJfjub7dDW1SP0jaHWLu/hg=="
    },
    "readable-stream": {
      "version": "3.6.0",
      "resolved": "https://registry.npmjs.org/readable-stream/-/readable-stream-3.6.0.tgz",
      "integrity": "sha512-BViHy7LKeTz4oNnkcLJ+lVSL6vpiFeX6/d3oSH8zCW7UxP2onchk+vTGB143xuFjHS3deTgkKoXXymXqymiIdA==",
      "requires": {
        "inherits": "^2.0.3",
        "string_decoder": "^1.1.1",
        "util-deprecate": "^1.0.1"
      }
    },
    "safe-buffer": {
      "version": "5.2.1",
      "resolved": "https://registry.npmjs.org/safe-buffer/-/safe-buffer-5.2.1.tgz",
      "integrity": "sha512-rp3So07KcdmmKbGvgaNxQSJr7bGVSVk5S9Eq1F+ppbRo70+YeaDxkw5Dd8NPN+GD6bjnYm2VuPuCXmpuYvmCXQ=="
    },
    "scheduler": {
      "version": "0.20.2",
      "resolved": "https://registry.npmjs.org/scheduler/-/scheduler-0.20.2.tgz",
      "integrity": "sha512-2eWfGgAqqWFGqtdMmcL5zCMK1U8KlXv8SQFGglL3CEtd0aDVDWgeF/YoCmvln55m5zSk3J/20hTaSBeSObsQDQ==",
      "requires": {
        "loose-envify": "^1.1.0",
        "object-assign": "^4.1.1"
      }
    },
    "source-map": {
      "version": "0.6.1",
      "resolved": "https://registry.npmjs.org/source-map/-/source-map-0.6.1.tgz",
      "integrity": "sha512-UjgapumWlbMhkBgzT7Ykc5YXUT46F0iKu8SGXq0bcwP5dz/h0Plj6enJqjz1Zbq2l5WaqYnrVbwWOWMyF3F47g=="
    },
    "stream-browserify": {
      "version": "3.0.0",
      "resolved": "https://registry.npmjs.org/stream-browserify/-/stream-browserify-3.0.0.tgz",
      "integrity": "sha512-H73RAHsVBapbim0tU2JwwOiXUj+fikfiaoYAKHF3VJfA0pe2BCzkhAHBlLG6REzE+2WNZcxOXjK7lkso+9euLA==",
      "requires": {
        "inherits": "~2.0.4",
        "readable-stream": "^3.5.0"
      }
    },
    "string-hash": {
      "version": "1.1.3",
      "resolved": "https://registry.npmjs.org/string-hash/-/string-hash-1.1.3.tgz",
      "integrity": "sha1-6Kr8CsGFW0Zmkp7X3RJ1311sgRs="
    },
    "string_decoder": {
      "version": "1.3.0",
      "resolved": "https://registry.npmjs.org/string_decoder/-/string_decoder-1.3.0.tgz",
      "integrity": "sha512-hkRX8U1WjJFd8LsDJ2yQ/wWWxaopEsABU1XfkM8A+j0+85JAGppt16cr1Whg6KIbb4okU6Mql6BOj+uup/wKeA==",
      "requires": {
        "safe-buffer": "~5.2.0"
      }
    },
    "styled-jsx": {
      "version": "5.0.0-beta.6",
      "resolved": "https://registry.npmjs.org/styled-jsx/-/styled-jsx-5.0.0-beta.6.tgz",
      "integrity": "sha512-b1cM7Xyp2r1lsNpvoZ6wmTI8qxD0557vH2feHakNU8LMkzfJDgTQMul6O7sSYY0GxQ73pKEN69hCDp71w6Q0nA==",
      "requires": {
        "@babel/plugin-syntax-jsx": "7.14.5",
        "@babel/types": "7.15.0",
        "convert-source-map": "1.7.0",
        "loader-utils": "1.2.3",
        "source-map": "0.7.3",
        "string-hash": "1.1.3",
        "stylis": "3.5.4",
        "stylis-rule-sheet": "0.0.10"
      },
      "dependencies": {
        "source-map": {
          "version": "0.7.3",
          "resolved": "https://registry.npmjs.org/source-map/-/source-map-0.7.3.tgz",
          "integrity": "sha512-CkCj6giN3S+n9qrYiBTX5gystlENnRW5jZeNLHpe6aue+SrHcG5VYwujhW9s4dY31mEGsxBDrHR6oI69fTXsaQ=="
        }
      }
    },
    "stylis": {
      "version": "3.5.4",
      "resolved": "https://registry.npmjs.org/stylis/-/stylis-3.5.4.tgz",
      "integrity": "sha512-8/3pSmthWM7lsPBKv7NXkzn2Uc9W7NotcwGNpJaa3k7WMM1XDCA4MgT5k/8BIexd5ydZdboXtU90XH9Ec4Bv/Q=="
    },
    "stylis-rule-sheet": {
      "version": "0.0.10",
      "resolved": "https://registry.npmjs.org/stylis-rule-sheet/-/stylis-rule-sheet-0.0.10.tgz",
      "integrity": "sha512-nTbZoaqoBnmK+ptANthb10ZRZOGC+EmTLLUxeYIuHNkEKcmKgXX1XWKkUBT2Ac4es3NybooPe0SmvKdhKJZAuw=="
    },
    "supports-color": {
      "version": "8.1.1",
      "resolved": "https://registry.npmjs.org/supports-color/-/supports-color-8.1.1.tgz",
      "integrity": "sha512-MpUEN2OodtUzxvKQl72cUF7RQ5EiHsGvSsVG0ia9c5RbWGL2CI4C7EpPS8UTBIplnlzZiNuV56w+FuNxy3ty2Q==",
      "requires": {
        "has-flag": "^4.0.0"
      }
    },
    "to-fast-properties": {
      "version": "2.0.0",
      "resolved": "https://registry.npmjs.org/to-fast-properties/-/to-fast-properties-2.0.0.tgz",
      "integrity": "sha1-3F5pjL0HkmW8c+A3doGk5Og/YW4="
    },
    "use-subscription": {
      "version": "1.5.1",
      "resolved": "https://registry.npmjs.org/use-subscription/-/use-subscription-1.5.1.tgz",
      "integrity": "sha512-Xv2a1P/yReAjAbhylMfFplFKj9GssgTwN7RlcTxBujFQcloStWNDQdc4g4NRWH9xS4i/FDk04vQBptAXoF3VcA==",
      "requires": {
        "object-assign": "^4.1.1"
      }
    },
    "util-deprecate": {
      "version": "1.0.2",
      "resolved": "https://registry.npmjs.org/util-deprecate/-/util-deprecate-1.0.2.tgz",
      "integrity": "sha1-RQ1Nyfpw3nMnYvvS1KKJgUGaDM8="
    }
  }
}
